{
  "name": "integration-low-confidence",
  "version": "1.0.0",
  "lockfileVersion": 3,
  "packages": {
    "": {
      "name": "integration-low-confidence",
      "version": "1.0.0",
      "dependencies": {
        "fuzzy": "^1.0.0"
      }
    },
    "node_modules/fuzzy": {
      "version": "1.0.0",
      "license": "MIT License"
    }
  }
}
