{
  "name": "integration-dual-licensed",
  "version": "1.0.0",
  "lockfileVersion": 3,
  "packages": {
    "": {
      "name": "integration-dual-licensed",
      "version": "1.0.0",
      "dependencies": {
        "dual-lib": "^1.0.0"
      }
    },
    "node_modules/dual-lib": {
      "version": "1.0.0"
    }
  }
}
