{
  "name": "test-mixed",
  "version": "1.0.0",
  "lockfileVersion": 3,
  "packages": {
    "": {
      "name": "test-mixed",
      "version": "1.0.0",
      "dependencies": {
        "permissive-pkg": "^1.0.0",
        "gpl-pkg": "^1.0.0",
        "agpl-pkg": "^1.0.0",
        "unknown-pkg": "^1.0.0",
        "dual-license-pkg": "^1.0.0"
      },
      "devDependencies": {
        "dev-gpl-pkg": "^1.0.0"
      }
    },
    "node_modules/permissive-pkg": {
      "version": "1.0.0",
      "license": "MIT"
    },
    "node_modules/gpl-pkg": {
      "version": "1.0.0",
      "license": "GPL-3.0-only"
    },
    "node_modules/agpl-pkg": {
      "version": "1.0.0",
      "license": "AGPL-3.0-only"
    },
    "node_modules/unknown-pkg": {
      "version": "1.0.0"
    },
    "node_modules/dual-license-pkg": {
      "version": "1.0.0",
      "license": "(MIT OR GPL-3.0-only)"
    },
    "node_modules/dev-gpl-pkg": {
      "version": "1.0.0",
      "license": "GPL-3.0-only",
      "dev": true
    }
  }
}
