{
  "name": "integration-monorepo",
  "version": "1.0.0",
  "lockfileVersion": 3,
  "packages": {
    "": {
      "name": "integration-monorepo",
      "version": "1.0.0",
      "workspaces": ["packages/*"]
    },
    "node_modules/ws-dep": {
      "version": "1.0.0",
      "license": "MIT"
    },
    "packages/app-a": {
      "link": true,
      "resolved": "packages/app-a"
    },
    "packages/app-b": {
      "link": true,
      "resolved": "packages/app-b"
    }
  }
}
