{
  "name": "integration-policy-dedup",
  "version": "1.0.0",
  "lockfileVersion": 3,
  "packages": {
    "": {
      "name": "integration-policy-dedup",
      "version": "1.0.0",
      "dependencies": {
        "mystery": "^1.0.0"
      }
    },
    "node_modules/mystery": {
      "version": "0.1.0"
    }
  }
}
