{
  "name": "test-simple",
  "version": "1.0.0",
  "lockfileVersion": 3,
  "packages": {
    "": {
      "name": "test-simple",
      "version": "1.0.0",
      "dependencies": {
        "pkg-a": "^1.0.0",
        "pkg-b": "^2.0.0"
      },
      "devDependencies": {
        "pkg-c": "^1.0.0"
      }
    },
    "node_modules/pkg-a": {
      "version": "1.2.0",
      "license": "MIT",
      "dependencies": {
        "pkg-d": "^1.0.0"
      }
    },
    "node_modules/pkg-b": {
      "version": "2.1.0",
      "license": "Apache-2.0"
    },
    "node_modules/pkg-c": {
      "version": "1.0.0",
      "license": "MIT",
      "dev": true
    },
    "node_modules/pkg-d": {
      "version": "1.5.0",
      "license": "ISC"
    }
  }
}
