{
  "name": "integration-gpl-contaminated",
  "version": "1.0.0",
  "lockfileVersion": 3,
  "packages": {
    "": {
      "name": "integration-gpl-contaminated",
      "version": "1.0.0",
      "dependencies": {
        "alpha": "^1.0.0",
        "tainted": "^1.0.0"
      }
    },
    "node_modules/alpha": {
      "version": "1.2.3",
      "license": "MIT"
    },
    "node_modules/tainted": {
      "version": "2.0.0",
      "license": "GPL-3.0-only"
    }
  }
}
