{
  "name": "integration-clean-mit",
  "version": "1.0.0",
  "lockfileVersion": 3,
  "packages": {
    "": {
      "name": "integration-clean-mit",
      "version": "1.0.0",
      "dependencies": {
        "alpha": "^1.0.0",
        "beta": "^1.0.0"
      }
    },
    "node_modules/alpha": {
      "version": "1.2.3",
      "license": "MIT",
      "dependencies": {
        "gamma": "^1.0.0"
      }
    },
    "node_modules/beta": {
      "version": "1.0.0",
      "license": "Apache-2.0"
    },
    "node_modules/gamma": {
      "version": "1.0.0",
      "license": "ISC"
    }
  }
}
