{
  "name": "integration-no-policy",
  "version": "1.0.0",
  "lockfileVersion": 3,
  "packages": {
    "": {
      "name": "integration-no-policy",
      "version": "1.0.0",
      "dependencies": {
        "alpha": "^1.0.0",
        "mystery": "^1.0.0"
      }
    },
    "node_modules/alpha": {
      "version": "1.2.3",
      "license": "MIT"
    },
    "node_modules/mystery": {
      "version": "0.1.0"
    }
  }
}
