{
  "name": "integration-offline-policy",
  "version": "1.0.0",
  "lockfileVersion": 3,
  "packages": {
    "": {
      "name": "integration-offline-policy",
      "version": "1.0.0",
      "dependencies": {
        "alpha": "^1.0.0"
      }
    },
    "node_modules/alpha": {
      "version": "1.0.0",
      "license": "MIT"
    }
  }
}
